
Microsoft Visual Studio Solution File, Format Version 12.00
# Visual Studio Version 17
VisualStudioVersion = 17.4.33103.184
MinimumVisualStudioVersion = 10.0.40219.1
Project("{FAE04EC0-301F-11D3-BF4B-00C04F79EFBC}") = "Core", "Core\Core.csproj", "{39858F4D-6207-4192-8895-1EF8B9B7668F}"
EndProject
Project("{FAE04EC0-301F-11D3-BF4B-00C04F79EFBC}") = "DataAccess", "DataAccess\DataAccess.csproj", "{5EB342F2-4B0B-4176-BD65-0210F14C6A1B}"
EndProject
Project("{FAE04EC0-301F-11D3-BF4B-00C04F79EFBC}") = "Web", "Web\Web.csproj", "{10D2A1D7-953E-48B2-BEAE-DBB5C40A0B00}"
EndProject
Global
	GlobalSection(SolutionConfigurationPlatforms) = preSolution
		Debug|Any CPU = Debug|Any CPU
		Release|Any CPU = Release|Any CPU
	EndGlobalSection
	GlobalSection(ProjectConfigurationPlatforms) = postSolution
		{39858F4D-6207-4192-8895-1EF8B9B7668F}.Debug|Any CPU.ActiveCfg = Debug|Any CPU
		{39858F4D-6207-4192-8895-1EF8B9B7668F}.Debug|Any CPU.Build.0 = Debug|Any CPU
		{39858F4D-6207-4192-8895-1EF8B9B7668F}.Release|Any CPU.ActiveCfg = Release|Any CPU
		{39858F4D-6207-4192-8895-1EF8B9B7668F}.Release|Any CPU.Build.0 = Release|Any CPU
		{5EB342F2-4B0B-4176-BD65-0210F14C6A1B}.Debug|Any CPU.ActiveCfg = Debug|Any CPU
		{5EB342F2-4B0B-4176-BD65-0210F14C6A1B}.Debug|Any CPU.Build.0 = Debug|Any CPU
		{5EB342F2-4B0B-4176-BD65-0210F14C6A1B}.Release|Any CPU.ActiveCfg = Release|Any CPU
		{5EB342F2-4B0B-4176-BD65-0210F14C6A1B}.Release|Any CPU.Build.0 = Release|Any CPU
		{10D2A1D7-953E-48B2-BEAE-DBB5C40A0B00}.Debug|Any CPU.ActiveCfg = Debug|Any CPU
		{10D2A1D7-953E-48B2-BEAE-DBB5C40A0B00}.Debug|Any CPU.Build.0 = Debug|Any CPU
		{10D2A1D7-953E-48B2-BEAE-DBB5C40A0B00}.Release|Any CPU.ActiveCfg = Release|Any CPU
		{10D2A1D7-953E-48B2-BEAE-DBB5C40A0B00}.Release|Any CPU.Build.0 = Release|Any CPU
	EndGlobalSection
	GlobalSection(SolutionProperties) = preSolution
		HideSolutionNode = FALSE
	EndGlobalSection
	GlobalSection(ExtensibilityGlobals) = postSolution
		SolutionGuid = {66229D1A-15FB-416B-AA04-D28D913F83E6}
	EndGlobalSection
EndGlobal
